
Microsoft Visual Studio Solution File, Format Version 12.00
# Visual Studio Version 17
VisualStudioVersion = 17.2.32630.192
MinimumVisualStudioVersion = 10.0.40219.1
Project("{9A19103F-16F7-4668-BE54-9A1E7A4F7556}") = "Common.Structure", "src\Common.Structure\Common.Structure.csproj", "{3C7B2621-4A28-40AE-807F-52F1B6965660}"
EndProject
Project("{9A19103F-16F7-4668-BE54-9A1E7A4F7556}") = "Common.UI", "src\Common.UI\Common.UI.csproj", "{EC58508D-FE02-48B7-A7C6-8F29E060E996}"
EndProject
Project("{2150E333-8FDC-42A3-9474-1A3956D46DE8}") = "Solution Items", "Solution Items", "{2A5FEEA6-F6DE-45DC-9800-3CFE3E36D3A2}"
	ProjectSection(SolutionItems) = preProject
		.editorconfig = .editorconfig
		global.json = global.json
	EndProjectSection
EndProject
Project("{9A19103F-16F7-4668-BE54-9A1E7A4F7556}") = "Common.Structure.Tests", "test\Common.Structure.Tests\Common.Structure.Tests.csproj", "{3F789DFF-0A8D-4163-9C5A-E5C748D64AF9}"
EndProject
Project("{9A19103F-16F7-4668-BE54-9A1E7A4F7556}") = "Common.UI.Tests", "test\Common.UI.Tests\Common.UI.Tests.csproj", "{68892F98-75CB-4768-B888-5B85402B9E12}"
EndProject
Project("{9A19103F-16F7-4668-BE54-9A1E7A4F7556}") = "Common.Console", "src\Common.Console\Common.Console.csproj", "{AD052EB4-CA7E-424B-B88D-8AFA3DBA3EBA}"
EndProject
Project("{9A19103F-16F7-4668-BE54-9A1E7A4F7556}") = "Common.Console.Tests", "test\Common.Console.Tests\Common.Console.Tests.csproj", "{BDC91609-7E1A-4B53-9189-4059AD2393C3}"
EndProject
Project("{2150E333-8FDC-42A3-9474-1A3956D46DE8}") = "Build", "Build", "{62E033EC-15B9-4318-9CC5-AF755560740A}"
	ProjectSection(SolutionItems) = preProject
		Directory.Build.props = Directory.Build.props
	EndProjectSection
EndProject
Project("{9A19103F-16F7-4668-BE54-9A1E7A4F7556}") = "_build", "BuildProcess\source\_build.csproj", "{C4D16866-9EE6-4D3A-94A6-82BABF3673A2}"
EndProject
Project("{9A19103F-16F7-4668-BE54-9A1E7A4F7556}") = "Common.UI.Wpf", "src\Common.UI.Wpf\Common.UI.Wpf.csproj", "{2A86006A-429C-495D-BA9B-78A112D02864}"
EndProject
Project("{9A19103F-16F7-4668-BE54-9A1E7A4F7556}") = "Common.UI.Wpf.Tests", "test\Common.UI.Wpf.Tests\Common.UI.Wpf.Tests.csproj", "{FD845AED-807F-4DE5-AC5C-DC6B42EB276B}"
EndProject
Project("{9A19103F-16F7-4668-BE54-9A1E7A4F7556}") = "Common.ReportWriting", "src\Common.ReportWriting\Common.ReportWriting.csproj", "{3E3B7B1E-B804-472A-8D9E-ABCC6A7E0E51}"
EndProject
Project("{9A19103F-16F7-4668-BE54-9A1E7A4F7556}") = "Common.ReportWriting.Unit.Tests", "test\Common.ReportWriting.Unit.Tests\Common.ReportWriting.Unit.Tests.csproj", "{FF317BC7-95FD-4214-B67D-F6E73556F858}"
EndProject
Global
	GlobalSection(SolutionConfigurationPlatforms) = preSolution
		Debug|x64 = Debug|x64
		Release|x64 = Release|x64
	EndGlobalSection
	GlobalSection(ProjectConfigurationPlatforms) = postSolution
		{3C7B2621-4A28-40AE-807F-52F1B6965660}.Debug|x64.ActiveCfg = Debug|x64
		{3C7B2621-4A28-40AE-807F-52F1B6965660}.Debug|x64.Build.0 = Debug|x64
		{3C7B2621-4A28-40AE-807F-52F1B6965660}.Release|x64.ActiveCfg = Release|x64
		{3C7B2621-4A28-40AE-807F-52F1B6965660}.Release|x64.Build.0 = Release|x64
		{EC58508D-FE02-48B7-A7C6-8F29E060E996}.Debug|x64.ActiveCfg = Debug|x64
		{EC58508D-FE02-48B7-A7C6-8F29E060E996}.Debug|x64.Build.0 = Debug|x64
		{EC58508D-FE02-48B7-A7C6-8F29E060E996}.Release|x64.ActiveCfg = Release|x64
		{EC58508D-FE02-48B7-A7C6-8F29E060E996}.Release|x64.Build.0 = Release|x64
		{3F789DFF-0A8D-4163-9C5A-E5C748D64AF9}.Debug|x64.ActiveCfg = Debug|x64
		{3F789DFF-0A8D-4163-9C5A-E5C748D64AF9}.Debug|x64.Build.0 = Debug|x64
		{3F789DFF-0A8D-4163-9C5A-E5C748D64AF9}.Release|x64.ActiveCfg = Release|x64
		{3F789DFF-0A8D-4163-9C5A-E5C748D64AF9}.Release|x64.Build.0 = Release|x64
		{68892F98-75CB-4768-B888-5B85402B9E12}.Debug|x64.ActiveCfg = Debug|x64
		{68892F98-75CB-4768-B888-5B85402B9E12}.Debug|x64.Build.0 = Debug|x64
		{68892F98-75CB-4768-B888-5B85402B9E12}.Release|x64.ActiveCfg = Release|x64
		{68892F98-75CB-4768-B888-5B85402B9E12}.Release|x64.Build.0 = Release|x64
		{AD052EB4-CA7E-424B-B88D-8AFA3DBA3EBA}.Debug|x64.ActiveCfg = Debug|x64
		{AD052EB4-CA7E-424B-B88D-8AFA3DBA3EBA}.Debug|x64.Build.0 = Debug|x64
		{AD052EB4-CA7E-424B-B88D-8AFA3DBA3EBA}.Release|x64.ActiveCfg = Release|x64
		{AD052EB4-CA7E-424B-B88D-8AFA3DBA3EBA}.Release|x64.Build.0 = Release|x64
		{BDC91609-7E1A-4B53-9189-4059AD2393C3}.Debug|x64.ActiveCfg = Debug|x64
		{BDC91609-7E1A-4B53-9189-4059AD2393C3}.Debug|x64.Build.0 = Debug|x64
		{BDC91609-7E1A-4B53-9189-4059AD2393C3}.Release|x64.ActiveCfg = Release|x64
		{BDC91609-7E1A-4B53-9189-4059AD2393C3}.Release|x64.Build.0 = Release|x64
		{C4D16866-9EE6-4D3A-94A6-82BABF3673A2}.Debug|x64.ActiveCfg = Debug|Any CPU
		{C4D16866-9EE6-4D3A-94A6-82BABF3673A2}.Release|x64.ActiveCfg = Release|Any CPU
		{2A86006A-429C-495D-BA9B-78A112D02864}.Debug|x64.ActiveCfg = Debug|x64
		{2A86006A-429C-495D-BA9B-78A112D02864}.Debug|x64.Build.0 = Debug|x64
		{2A86006A-429C-495D-BA9B-78A112D02864}.Release|x64.ActiveCfg = Release|x64
		{2A86006A-429C-495D-BA9B-78A112D02864}.Release|x64.Build.0 = Release|x64
		{FD845AED-807F-4DE5-AC5C-DC6B42EB276B}.Debug|x64.ActiveCfg = Debug|x64
		{FD845AED-807F-4DE5-AC5C-DC6B42EB276B}.Debug|x64.Build.0 = Debug|x64
		{FD845AED-807F-4DE5-AC5C-DC6B42EB276B}.Release|x64.ActiveCfg = Release|x64
		{FD845AED-807F-4DE5-AC5C-DC6B42EB276B}.Release|x64.Build.0 = Release|x64
		{3E3B7B1E-B804-472A-8D9E-ABCC6A7E0E51}.Debug|x64.ActiveCfg = Debug|x64
		{3E3B7B1E-B804-472A-8D9E-ABCC6A7E0E51}.Debug|x64.Build.0 = Debug|x64
		{3E3B7B1E-B804-472A-8D9E-ABCC6A7E0E51}.Release|x64.ActiveCfg = Release|x64
		{3E3B7B1E-B804-472A-8D9E-ABCC6A7E0E51}.Release|x64.Build.0 = Release|x64
		{FF317BC7-95FD-4214-B67D-F6E73556F858}.Debug|x64.ActiveCfg = Debug|x64
		{FF317BC7-95FD-4214-B67D-F6E73556F858}.Debug|x64.Build.0 = Debug|x64
		{FF317BC7-95FD-4214-B67D-F6E73556F858}.Release|x64.ActiveCfg = Release|x64
		{FF317BC7-95FD-4214-B67D-F6E73556F858}.Release|x64.Build.0 = Release|x64
	EndGlobalSection
	GlobalSection(SolutionProperties) = preSolution
		HideSolutionNode = FALSE
	EndGlobalSection
	GlobalSection(NestedProjects) = preSolution
		{C4D16866-9EE6-4D3A-94A6-82BABF3673A2} = {62E033EC-15B9-4318-9CC5-AF755560740A}
	EndGlobalSection
	GlobalSection(ExtensibilityGlobals) = postSolution
		SolutionGuid = {4CD88413-B7F4-47D9-84EF-47C40192027E}
	EndGlobalSection
EndGlobal
